// !$*UTF8*$!
{
	archiveVersion = 1;
	classes = {
	};
	objectVersion = 46;
	objects = {

/* Begin PBXBuildFile section */
		7027332B1E80651E00800DF9 /* AppDelegate.swift in Sources */ = {isa = PBXBuildFile; fileRef = 7027332A1E80651E00800DF9 /* AppDelegate.swift */; };
		7027332D1E80651E00800DF9 /* CameraVC.swift in Sources */ = {isa = PBXBuildFile; fileRef = 7027332C1E80651E00800DF9 /* CameraVC.swift */; };
		702733301E80651E00800DF9 /* Main.storyboard in Resources */ = {isa = PBXBuildFile; fileRef = 7027332E1E80651E00800DF9 /* Main.storyboard */; };
		702733321E80651E00800DF9 /* Assets.xcassets in Resources */ = {isa = PBXBuildFile; fileRef = 702733311E80651E00800DF9 /* Assets.xcassets */; };
		702733351E80651E00800DF9 /* LaunchScreen.storyboard in Resources */ = {isa = PBXBuildFile; fileRef = 702733331E80651E00800DF9 /* LaunchScreen.storyboard */; };
		702733411E80689200800DF9 /* AVCamPreviewView.m in Sources */ = {isa = PBXBuildFile; fileRef = 7027333E1E80689200800DF9 /* AVCamPreviewView.m */; };
		702733421E80689200800DF9 /* AVCamCameraViewController.m in Sources */ = {isa = PBXBuildFile; fileRef = 702733401E80689200800DF9 /* AVCamCameraViewController.m */; };
		7027334A1E8069B000800DF9 /* AVCamAppDelegate.m in Sources */ = {isa = PBXBuildFile; fileRef = 702733471E8069B000800DF9 /* AVCamAppDelegate.m */; };
		7027334B1E8069B000800DF9 /* AVCamPhotoCaptureDelegate.m in Sources */ = {isa = PBXBuildFile; fileRef = 702733491E8069B000800DF9 /* AVCamPhotoCaptureDelegate.m */; };
		70A3CA071E937C5000B4D22B /* RoundTextField.swift in Sources */ = {isa = PBXBuildFile; fileRef = 70A3CA061E937C5000B4D22B /* RoundTextField.swift */; };
		70A3CA091E937E2600B4D22B /* RoundButton.swift in Sources */ = {isa = PBXBuildFile; fileRef = 70A3CA081E937E2600B4D22B /* RoundButton.swift */; };
		70FB97691E95EB2D000D8A2C /* LoginVC.swift in Sources */ = {isa = PBXBuildFile; fileRef = 70FB97681E95EB2D000D8A2C /* LoginVC.swift */; };
		70FB976C1E95ED9A000D8A2C /* AuthService.swift in Sources */ = {isa = PBXBuildFile; fileRef = 70FB976B1E95ED9A000D8A2C /* AuthService.swift */; };
		70FB976E1E95EF56000D8A2C /* GoogleService-Info.plist in Resources */ = {isa = PBXBuildFile; fileRef = 70FB976D1E95EF56000D8A2C /* GoogleService-Info.plist */; };
		70FB97701E96DF9B000D8A2C /* DataService.swift in Sources */ = {isa = PBXBuildFile; fileRef = 70FB976F1E96DF9B000D8A2C /* DataService.swift */; };
		70FB97721E96E5D4000D8A2C /* UserVC.swift in Sources */ = {isa = PBXBuildFile; fileRef = 70FB97711E96E5D4000D8A2C /* UserVC.swift */; };
		70FB97741E96E7BA000D8A2C /* UserCell.swift in Sources */ = {isa = PBXBuildFile; fileRef = 70FB97731E96E7BA000D8A2C /* UserCell.swift */; };
		70FB97771E96EACB000D8A2C /* User.swift in Sources */ = {isa = PBXBuildFile; fileRef = 70FB97761E96EACB000D8A2C /* User.swift */; };
		9A09F7197AF3A79B0E3A35F6 /* Pods_mySnap.framework in Frameworks */ = {isa = PBXBuildFile; fileRef = 951A5E17D3F49DC32369099A /* Pods_mySnap.framework */; };
/* End PBXBuildFile section */

/* Begin PBXFileReference section */
		08CD1D9FA122012B549C8DE3 /* Pods-mySnap.release.xcconfig */ = {isa = PBXFileReference; includeInIndex = 1; lastKnownFileType = text.xcconfig; name = "Pods-mySnap.release.xcconfig"; path = "Pods/Target Support Files/Pods-mySnap/Pods-mySnap.release.xcconfig"; sourceTree = "<group>"; };
		2501438949A89A14C6B871B8 /* Pods-mySnap.debug.xcconfig */ = {isa = PBXFileReference; includeInIndex = 1; lastKnownFileType = text.xcconfig; name = "Pods-mySnap.debug.xcconfig"; path = "Pods/Target Support Files/Pods-mySnap/Pods-mySnap.debug.xcconfig"; sourceTree = "<group>"; };
		702733271E80651E00800DF9 /* mySnap.app */ = {isa = PBXFileReference; explicitFileType = wrapper.application; includeInIndex = 0; path = mySnap.app; sourceTree = BUILT_PRODUCTS_DIR; };
		7027332A1E80651E00800DF9 /* AppDelegate.swift */ = {isa = PBXFileReference; lastKnownFileType = sourcecode.swift; path = AppDelegate.swift; sourceTree = "<group>"; };
		7027332C1E80651E00800DF9 /* CameraVC.swift */ = {isa = PBXFileReference; lastKnownFileType = sourcecode.swift; path = CameraVC.swift; sourceTree = "<group>"; };
		7027332F1E80651E00800DF9 /* Base */ = {isa = PBXFileReference; lastKnownFileType = file.storyboard; name = Base; path = Base.lproj/Main.storyboard; sourceTree = "<group>"; };
		702733311E80651E00800DF9 /* Assets.xcassets */ = {isa = PBXFileReference; lastKnownFileType = folder.assetcatalog; path = Assets.xcassets; sourceTree = "<group>"; };
		702733341E80651E00800DF9 /* Base */ = {isa = PBXFileReference; lastKnownFileType = file.storyboard; name = Base; path = Base.lproj/LaunchScreen.storyboard; sourceTree = "<group>"; };
		702733361E80651E00800DF9 /* Info.plist */ = {isa = PBXFileReference; lastKnownFileType = text.plist.xml; path = Info.plist; sourceTree = "<group>"; };
		7027333C1E80689200800DF9 /* mySnap-Bridging-Header.h */ = {isa = PBXFileReference; lastKnownFileType = sourcecode.c.h; path = "mySnap-Bridging-Header.h"; sourceTree = "<group>"; };
		7027333D1E80689200800DF9 /* AVCamPreviewView.h */ = {isa = PBXFileReference; fileEncoding = 4; lastKnownFileType = sourcecode.c.h; path = AVCamPreviewView.h; sourceTree = "<group>"; };
		7027333E1E80689200800DF9 /* AVCamPreviewView.m */ = {isa = PBXFileReference; fileEncoding = 4; lastKnownFileType = sourcecode.c.objc; path = AVCamPreviewView.m; sourceTree = "<group>"; };
		7027333F1E80689200800DF9 /* AVCamCameraViewController.h */ = {isa = PBXFileReference; fileEncoding = 4; lastKnownFileType = sourcecode.c.h; path = AVCamCameraViewController.h; sourceTree = "<group>"; };
		702733401E80689200800DF9 /* AVCamCameraViewController.m */ = {isa = PBXFileReference; fileEncoding = 4; lastKnownFileType = sourcecode.c.objc; path = AVCamCameraViewController.m; sourceTree = "<group>"; };
		702733461E8069B000800DF9 /* AVCamAppDelegate.h */ = {isa = PBXFileReference; fileEncoding = 4; lastKnownFileType = sourcecode.c.h; path = AVCamAppDelegate.h; sourceTree = "<group>"; };
		702733471E8069B000800DF9 /* AVCamAppDelegate.m */ = {isa = PBXFileReference; fileEncoding = 4; lastKnownFileType = sourcecode.c.objc; path = AVCamAppDelegate.m; sourceTree = "<group>"; };
		702733481E8069B000800DF9 /* AVCamPhotoCaptureDelegate.h */ = {isa = PBXFileReference; fileEncoding = 4; lastKnownFileType = sourcecode.c.h; path = AVCamPhotoCaptureDelegate.h; sourceTree = "<group>"; };
		702733491E8069B000800DF9 /* AVCamPhotoCaptureDelegate.m */ = {isa = PBXFileReference; fileEncoding = 4; lastKnownFileType = sourcecode.c.objc; path = AVCamPhotoCaptureDelegate.m; sourceTree = "<group>"; };
		70A3CA061E937C5000B4D22B /* RoundTextField.swift */ = {isa = PBXFileReference; fileEncoding = 4; lastKnownFileType = sourcecode.swift; path = RoundTextField.swift; sourceTree = "<group>"; };
		70A3CA081E937E2600B4D22B /* RoundButton.swift */ = {isa = PBXFileReference; fileEncoding = 4; lastKnownFileType = sourcecode.swift; path = RoundButton.swift; sourceTree = "<group>"; };
		70FB97681E95EB2D000D8A2C /* LoginVC.swift */ = {isa = PBXFileReference; fileEncoding = 4; lastKnownFileType = sourcecode.swift; path = LoginVC.swift; sourceTree = "<group>"; };
		70FB976B1E95ED9A000D8A2C /* AuthService.swift */ = {isa = PBXFileReference; fileEncoding = 4; lastKnownFileType = sourcecode.swift; path = AuthService.swift; sourceTree = "<group>"; };
		70FB976D1E95EF56000D8A2C /* GoogleService-Info.plist */ = {isa = PBXFileReference; fileEncoding = 4; lastKnownFileType = text.plist.xml; path = "GoogleService-Info.plist"; sourceTree = "<group>"; };
		70FB976F1E96DF9B000D8A2C /* DataService.swift */ = {isa = PBXFileReference; fileEncoding = 4; lastKnownFileType = sourcecode.swift; path = DataService.swift; sourceTree = "<group>"; };
		70FB97711E96E5D4000D8A2C /* UserVC.swift */ = {isa = PBXFileReference; fileEncoding = 4; lastKnownFileType = sourcecode.swift; path = UserVC.swift; sourceTree = "<group>"; };
		70FB97731E96E7BA000D8A2C /* UserCell.swift */ = {isa = PBXFileReference; fileEncoding = 4; lastKnownFileType = sourcecode.swift; path = UserCell.swift; sourceTree = "<group>"; };
		70FB97761E96EACB000D8A2C /* User.swift */ = {isa = PBXFileReference; fileEncoding = 4; lastKnownFileType = sourcecode.swift; path = User.swift; sourceTree = "<group>"; };
		70FB97791E973F9E000D8A2C /* AAPLCameraVCDelegate.h */ = {isa = PBXFileReference; lastKnownFileType = sourcecode.c.h; path = AAPLCameraVCDelegate.h; sourceTree = "<group>"; };
		951A5E17D3F49DC32369099A /* Pods_mySnap.framework */ = {isa = PBXFileReference; explicitFileType = wrapper.framework; includeInIndex = 0; path = Pods_mySnap.framework; sourceTree = BUILT_PRODUCTS_DIR; };
/* End PBXFileReference section */

/* Begin PBXFrameworksBuildPhase section */
		702733241E80651E00800DF9 /* Frameworks */ = {
			isa = PBXFrameworksBuildPhase;
			buildActionMask = 2147483647;
			files = (
				9A09F7197AF3A79B0E3A35F6 /* Pods_mySnap.framework in Frameworks */,
			);
			runOnlyForDeploymentPostprocessing = 0;
		};
/* End PBXFrameworksBuildPhase section */

/* Begin PBXGroup section */
		0E9120CB28B420BD2CE4CDF2 /* Pods */ = {
			isa = PBXGroup;
			children = (
				2501438949A89A14C6B871B8 /* Pods-mySnap.debug.xcconfig */,
				08CD1D9FA122012B549C8DE3 /* Pods-mySnap.release.xcconfig */,
			);
			name = Pods;
			sourceTree = "<group>";
		};
		32DA149C2F79233261CA9B3F /* Frameworks */ = {
			isa = PBXGroup;
			children = (
				951A5E17D3F49DC32369099A /* Pods_mySnap.framework */,
			);
			name = Frameworks;
			sourceTree = "<group>";
		};
		7027331E1E80651E00800DF9 = {
			isa = PBXGroup;
			children = (
				702733291E80651E00800DF9 /* mySnap */,
				702733281E80651E00800DF9 /* Products */,
				0E9120CB28B420BD2CE4CDF2 /* Pods */,
				32DA149C2F79233261CA9B3F /* Frameworks */,
			);
			sourceTree = "<group>";
		};
		702733281E80651E00800DF9 /* Products */ = {
			isa = PBXGroup;
			children = (
				702733271E80651E00800DF9 /* mySnap.app */,
			);
			name = Products;
			sourceTree = "<group>";
		};
		702733291E80651E00800DF9 /* mySnap */ = {
			isa = PBXGroup;
			children = (
				70FB97781E973F74000D8A2C /* Protocols */,
				70FB97751E96EAC2000D8A2C /* Model */,
				70FB976D1E95EF56000D8A2C /* GoogleService-Info.plist */,
				70FB976A1E95ED79000D8A2C /* Services */,
				702733451E80698E00800DF9 /* Delegate */,
				702733441E80689E00800DF9 /* Controller */,
				702733431E80689700800DF9 /* View */,
				7027332A1E80651E00800DF9 /* AppDelegate.swift */,
				7027332E1E80651E00800DF9 /* Main.storyboard */,
				702733311E80651E00800DF9 /* Assets.xcassets */,
				702733331E80651E00800DF9 /* LaunchScreen.storyboard */,
				702733361E80651E00800DF9 /* Info.plist */,
				7027333C1E80689200800DF9 /* mySnap-Bridging-Header.h */,
			);
			path = mySnap;
			sourceTree = "<group>";
		};
		702733431E80689700800DF9 /* View */ = {
			isa = PBXGroup;
			children = (
				7027333D1E80689200800DF9 /* AVCamPreviewView.h */,
				7027333E1E80689200800DF9 /* AVCamPreviewView.m */,
				70A3CA061E937C5000B4D22B /* RoundTextField.swift */,
				70A3CA081E937E2600B4D22B /* RoundButton.swift */,
				70FB97731E96E7BA000D8A2C /* UserCell.swift */,
			);
			name = View;
			sourceTree = "<group>";
		};
		702733441E80689E00800DF9 /* Controller */ = {
			isa = PBXGroup;
			children = (
				7027332C1E80651E00800DF9 /* CameraVC.swift */,
				7027333F1E80689200800DF9 /* AVCamCameraViewController.h */,
				702733401E80689200800DF9 /* AVCamCameraViewController.m */,
				70FB97681E95EB2D000D8A2C /* LoginVC.swift */,
				70FB97711E96E5D4000D8A2C /* UserVC.swift */,
			);
			name = Controller;
			sourceTree = "<group>";
		};
		702733451E80698E00800DF9 /* Delegate */ = {
			isa = PBXGroup;
			children = (
				702733461E8069B000800DF9 /* AVCamAppDelegate.h */,
				702733471E8069B000800DF9 /* AVCamAppDelegate.m */,
				702733481E8069B000800DF9 /* AVCamPhotoCaptureDelegate.h */,
				702733491E8069B000800DF9 /* AVCamPhotoCaptureDelegate.m */,
			);
			name = Delegate;
			sourceTree = "<group>";
		};
		70FB976A1E95ED79000D8A2C /* Services */ = {
			isa = PBXGroup;
			children = (
				70FB976B1E95ED9A000D8A2C /* AuthService.swift */,
				70FB976F1E96DF9B000D8A2C /* DataService.swift */,
			);
			name = Services;
			sourceTree = "<group>";
		};
		70FB97751E96EAC2000D8A2C /* Model */ = {
			isa = PBXGroup;
			children = (
				70FB97761E96EACB000D8A2C /* User.swift */,
			);
			name = Model;
			sourceTree = "<group>";
		};
		70FB97781E973F74000D8A2C /* Protocols */ = {
			isa = PBXGroup;
			children = (
				70FB97791E973F9E000D8A2C /* AAPLCameraVCDelegate.h */,
			);
			name = Protocols;
			sourceTree = "<group>";
		};
/* End PBXGroup section */

/* Begin PBXNativeTarget section */
		702733261E80651E00800DF9 /* mySnap */ = {
			isa = PBXNativeTarget;
			buildConfigurationList = 702733391E80651E00800DF9 /* Build configuration list for PBXNativeTarget "mySnap" */;
			buildPhases = (
				3E58E110FC89145D085FE6E9 /* 📦 Check Pods Manifest.lock */,
				702733231E80651E00800DF9 /* Sources */,
				702733241E80651E00800DF9 /* Frameworks */,
				702733251E80651E00800DF9 /* Resources */,
				48D0D75E19CC2D582AEB9318 /* 📦 Embed Pods Frameworks */,
				B7CD8CBE8C94FBC083225CC5 /* 📦 Copy Pods Resources */,
			);
			buildRules = (
			);
			dependencies = (
			);
			name = mySnap;
			productName = mySnap;
			productReference = 702733271E80651E00800DF9 /* mySnap.app */;
			productType = "com.apple.product-type.application";
		};
/* End PBXNativeTarget section */

/* Begin PBXProject section */
		7027331F1E80651E00800DF9 /* Project object */ = {
			isa = PBXProject;
			attributes = {
				LastSwiftUpdateCheck = 0820;
				LastUpgradeCheck = 0820;
				ORGANIZATIONNAME = me;
				TargetAttributes = {
					702733261E80651E00800DF9 = {
						CreatedOnToolsVersion = 8.2.1;
						DevelopmentTeam = 5GKJXKA9NC;
						LastSwiftMigration = 0820;
						ProvisioningStyle = Automatic;
					};
				};
			};
			buildConfigurationList = 702733221E80651E00800DF9 /* Build configuration list for PBXProject "mySnap" */;
			compatibilityVersion = "Xcode 3.2";
			developmentRegion = English;
			hasScannedForEncodings = 0;
			knownRegions = (
				en,
				Base,
			);
			mainGroup = 7027331E1E80651E00800DF9;
			productRefGroup = 702733281E80651E00800DF9 /* Products */;
			projectDirPath = "";
			projectRoot = "";
			targets = (
				702733261E80651E00800DF9 /* mySnap */,
			);
		};
/* End PBXProject section */

/* Begin PBXResourcesBuildPhase section */
		702733251E80651E00800DF9 /* Resources */ = {
			isa = PBXResourcesBuildPhase;
			buildActionMask = 2147483647;
			files = (
				702733351E80651E00800DF9 /* LaunchScreen.storyboard in Resources */,
				702733321E80651E00800DF9 /* Assets.xcassets in Resources */,
				702733301E80651E00800DF9 /* Main.storyboard in Resources */,
				70FB976E1E95EF56000D8A2C /* GoogleService-Info.plist in Resources */,
			);
			runOnlyForDeploymentPostprocessing = 0;
		};
/* End PBXResourcesBuildPhase section */

/* Begin PBXShellScriptBuildPhase section */
		3E58E110FC89145D085FE6E9 /* 📦 Check Pods Manifest.lock */ = {
			isa = PBXShellScriptBuildPhase;
			buildActionMask = 2147483647;
			files = (
			);
			inputPaths = (
			);
			name = "📦 Check Pods Manifest.lock";
			outputPaths = (
			);
			runOnlyForDeploymentPostprocessing = 0;
			shellPath = /bin/sh;
			shellScript = "diff \"${PODS_ROOT}/../Podfile.lock\" \"${PODS_ROOT}/Manifest.lock\" > /dev/null\nif [[ $? != 0 ]] ; then\n    cat << EOM\nerror: The sandbox is not in sync with the Podfile.lock. Run 'pod install' or update your CocoaPods installation.\nEOM\n    exit 1\nfi\n";
			showEnvVarsInLog = 0;
		};
		48D0D75E19CC2D582AEB9318 /* 📦 Embed Pods Frameworks */ = {
			isa = PBXShellScriptBuildPhase;
			buildActionMask = 2147483647;
			files = (
			);
			inputPaths = (
			);
			name = "📦 Embed Pods Frameworks";
			outputPaths = (
			);
			runOnlyForDeploymentPostprocessing = 0;
			shellPath = /bin/sh;
			shellScript = "\"${SRCROOT}/Pods/Target Support Files/Pods-mySnap/Pods-mySnap-frameworks.sh\"\n";
			showEnvVarsInLog = 0;
		};
		B7CD8CBE8C94FBC083225CC5 /* 📦 Copy Pods Resources */ = {
			isa = PBXShellScriptBuildPhase;
			buildActionMask = 2147483647;
			files = (
			);
			inputPaths = (
			);
			name = "📦 Copy Pods Resources";
			outputPaths = (
			);
			runOnlyForDeploymentPostprocessing = 0;
			shellPath = /bin/sh;
			shellScript = "\"${SRCROOT}/Pods/Target Support Files/Pods-mySnap/Pods-mySnap-resources.sh\"\n";
			showEnvVarsInLog = 0;
		};
/* End PBXShellScriptBuildPhase section */

/* Begin PBXSourcesBuildPhase section */
		702733231E80651E00800DF9 /* Sources */ = {
			isa = PBXSourcesBuildPhase;
			buildActionMask = 2147483647;
			files = (
				70A3CA091E937E2600B4D22B /* RoundButton.swift in Sources */,
				7027332D1E80651E00800DF9 /* CameraVC.swift in Sources */,
				7027332B1E80651E00800DF9 /* AppDelegate.swift in Sources */,
				702733421E80689200800DF9 /* AVCamCameraViewController.m in Sources */,
				70A3CA071E937C5000B4D22B /* RoundTextField.swift in Sources */,
				70FB97701E96DF9B000D8A2C /* DataService.swift in Sources */,
				70FB97771E96EACB000D8A2C /* User.swift in Sources */,
				70FB97691E95EB2D000D8A2C /* LoginVC.swift in Sources */,
				70FB97721E96E5D4000D8A2C /* UserVC.swift in Sources */,
				702733411E80689200800DF9 /* AVCamPreviewView.m in Sources */,
				70FB976C1E95ED9A000D8A2C /* AuthService.swift in Sources */,
				7027334A1E8069B000800DF9 /* AVCamAppDelegate.m in Sources */,
				7027334B1E8069B000800DF9 /* AVCamPhotoCaptureDelegate.m in Sources */,
				70FB97741E96E7BA000D8A2C /* UserCell.swift in Sources */,
			);
			runOnlyForDeploymentPostprocessing = 0;
		};
/* End PBXSourcesBuildPhase section */

/* Begin PBXVariantGroup section */
		7027332E1E80651E00800DF9 /* Main.storyboard */ = {
			isa = PBXVariantGroup;
			children = (
				7027332F1E80651E00800DF9 /* Base */,
			);
			name = Main.storyboard;
			sourceTree = "<group>";
		};
		702733331E80651E00800DF9 /* LaunchScreen.storyboard */ = {
			isa = PBXVariantGroup;
			children = (
				702733341E80651E00800DF9 /* Base */,
			);
			name = LaunchScreen.storyboard;
			sourceTree = "<group>";
		};
/* End PBXVariantGroup section */

/* Begin XCBuildConfiguration section */
		702733371E80651E00800DF9 /* Debug */ = {
			isa = XCBuildConfiguration;
			buildSettings = {
				ALWAYS_SEARCH_USER_PATHS = NO;
				CLANG_ANALYZER_NONNULL = YES;
				CLANG_CXX_LANGUAGE_STANDARD = "gnu++0x";
				CLANG_CXX_LIBRARY = "libc++";
				CLANG_ENABLE_MODULES = YES;
				CLANG_ENABLE_OBJC_ARC = YES;
				CLANG_WARN_BOOL_CONVERSION = YES;
				CLANG_WARN_CONSTANT_CONVERSION = YES;
				CLANG_WARN_DIRECT_OBJC_ISA_USAGE = YES_ERROR;
				CLANG_WARN_DOCUMENTATION_COMMENTS = YES;
				CLANG_WARN_EMPTY_BODY = YES;
				CLANG_WARN_ENUM_CONVERSION = YES;
				CLANG_WARN_INFINITE_RECURSION = YES;
				CLANG_WARN_INT_CONVERSION = YES;
				CLANG_WARN_OBJC_ROOT_CLASS = YES_ERROR;
				CLANG_WARN_SUSPICIOUS_MOVE = YES;
				CLANG_WARN_UNREACHABLE_CODE = YES;
				CLANG_WARN__DUPLICATE_METHOD_MATCH = YES;
				"CODE_SIGN_IDENTITY[sdk=iphoneos*]" = "iPhone Developer";
				COPY_PHASE_STRIP = NO;
				DEBUG_INFORMATION_FORMAT = dwarf;
				ENABLE_STRICT_OBJC_MSGSEND = YES;
				ENABLE_TESTABILITY = YES;
				GCC_C_LANGUAGE_STANDARD = gnu99;
				GCC_DYNAMIC_NO_PIC = NO;
				GCC_NO_COMMON_BLOCKS = YES;
				GCC_OPTIMIZATION_LEVEL = 0;
				GCC_PREPROCESSOR_DEFINITIONS = (
					"DEBUG=1",
					"$(inherited)",
				);
				GCC_WARN_64_TO_32_BIT_CONVERSION = YES;
				GCC_WARN_ABOUT_RETURN_TYPE = YES_ERROR;
				GCC_WARN_UNDECLARED_SELECTOR = YES;
				GCC_WARN_UNINITIALIZED_AUTOS = YES_AGGRESSIVE;
				GCC_WARN_UNUSED_FUNCTION = YES;
				GCC_WARN_UNUSED_VARIABLE = YES;
				IPHONEOS_DEPLOYMENT_TARGET = 9.0;
				MTL_ENABLE_DEBUG_INFO = YES;
				ONLY_ACTIVE_ARCH = YES;
				SDKROOT = iphoneos;
				SWIFT_ACTIVE_COMPILATION_CONDITIONS = DEBUG;
				SWIFT_OPTIMIZATION_LEVEL = "-Onone";
			};
			name = Debug;
		};
		702733381E80651E00800DF9 /* Release */ = {
			isa = XCBuildConfiguration;
			buildSettings = {
				ALWAYS_SEARCH_USER_PATHS = NO;
				CLANG_ANALYZER_NONNULL = YES;
				CLANG_CXX_LANGUAGE_STANDARD = "gnu++0x";
				CLANG_CXX_LIBRARY = "libc++";
				CLANG_ENABLE_MODULES = YES;
				CLANG_ENABLE_OBJC_ARC = YES;
				CLANG_WARN_BOOL_CONVERSION = YES;
				CLANG_WARN_CONSTANT_CONVERSION = YES;
				CLANG_WARN_DIRECT_OBJC_ISA_USAGE = YES_ERROR;
				CLANG_WARN_DOCUMENTATION_COMMENTS = YES;
				CLANG_WARN_EMPTY_BODY = YES;
				CLANG_WARN_ENUM_CONVERSION = YES;
				CLANG_WARN_INFINITE_RECURSION = YES;
				CLANG_WARN_INT_CONVERSION = YES;
				CLANG_WARN_OBJC_ROOT_CLASS = YES_ERROR;
				CLANG_WARN_SUSPICIOUS_MOVE = YES;
				CLANG_WARN_UNREACHABLE_CODE = YES;
				CLANG_WARN__DUPLICATE_METHOD_MATCH = YES;
				"CODE_SIGN_IDENTITY[sdk=iphoneos*]" = "iPhone Developer";
				COPY_PHASE_STRIP = NO;
				DEBUG_INFORMATION_FORMAT = "dwarf-with-dsym";
				ENABLE_NS_ASSERTIONS = NO;
				ENABLE_STRICT_OBJC_MSGSEND = YES;
				GCC_C_LANGUAGE_STANDARD = gnu99;
				GCC_NO_COMMON_BLOCKS = YES;
				GCC_WARN_64_TO_32_BIT_CONVERSION = YES;
				GCC_WARN_ABOUT_RETURN_TYPE = YES_ERROR;
				GCC_WARN_UNDECLARED_SELECTOR = YES;
				GCC_WARN_UNINITIALIZED_AUTOS = YES_AGGRESSIVE;
				GCC_WARN_UNUSED_FUNCTION = YES;
				GCC_WARN_UNUSED_VARIABLE = YES;
				IPHONEOS_DEPLOYMENT_TARGET = 9.0;
				MTL_ENABLE_DEBUG_INFO = NO;
				SDKROOT = iphoneos;
				SWIFT_OPTIMIZATION_LEVEL = "-Owholemodule";
				VALIDATE_PRODUCT = YES;
			};
			name = Release;
		};
		7027333A1E80651E00800DF9 /* Debug */ = {
			isa = XCBuildConfiguration;
			baseConfigurationReference = 2501438949A89A14C6B871B8 /* Pods-mySnap.debug.xcconfig */;
			buildSettings = {
				ASSETCATALOG_COMPILER_APPICON_NAME = AppIcon;
				CLANG_ENABLE_MODULES = YES;
				DEVELOPMENT_TEAM = 5GKJXKA9NC;
				INFOPLIST_FILE = mySnap/Info.plist;
				IPHONEOS_DEPLOYMENT_TARGET = 9.0;
				LD_RUNPATH_SEARCH_PATHS = "$(inherited) @executable_path/Frameworks";
				PRODUCT_BUNDLE_IDENTIFIER = me.mySnap;
				PRODUCT_NAME = "$(TARGET_NAME)";
				SWIFT_OBJC_BRIDGING_HEADER = "mySnap/mySnap-Bridging-Header.h";
				SWIFT_OPTIMIZATION_LEVEL = "-Onone";
				SWIFT_VERSION = 3.0;
			};
			name = Debug;
		};
		7027333B1E80651E00800DF9 /* Release */ = {
			isa = XCBuildConfiguration;
			baseConfigurationReference = 08CD1D9FA122012B549C8DE3 /* Pods-mySnap.release.xcconfig */;
			buildSettings = {
				ASSETCATALOG_COMPILER_APPICON_NAME = AppIcon;
				CLANG_ENABLE_MODULES = YES;
				DEVELOPMENT_TEAM = 5GKJXKA9NC;
				INFOPLIST_FILE = mySnap/Info.plist;
				IPHONEOS_DEPLOYMENT_TARGET = 9.0;
				LD_RUNPATH_SEARCH_PATHS = "$(inherited) @executable_path/Frameworks";
				PRODUCT_BUNDLE_IDENTIFIER = me.mySnap;
				PRODUCT_NAME = "$(TARGET_NAME)";
				SWIFT_OBJC_BRIDGING_HEADER = "mySnap/mySnap-Bridging-Header.h";
				SWIFT_VERSION = 3.0;
			};
			name = Release;
		};
/* End XCBuildConfiguration section */

/* Begin XCConfigurationList section */
		702733221E80651E00800DF9 /* Build configuration list for PBXProject "mySnap" */ = {
			isa = XCConfigurationList;
			buildConfigurations = (
				702733371E80651E00800DF9 /* Debug */,
				702733381E80651E00800DF9 /* Release */,
			);
			defaultConfigurationIsVisible = 0;
			defaultConfigurationName = Release;
		};
		702733391E80651E00800DF9 /* Build configuration list for PBXNativeTarget "mySnap" */ = {
			isa = XCConfigurationList;
			buildConfigurations = (
				7027333A1E80651E00800DF9 /* Debug */,
				7027333B1E80651E00800DF9 /* Release */,
			);
			defaultConfigurationIsVisible = 0;
			defaultConfigurationName = Release;
		};
/* End XCConfigurationList section */
	};
	rootObject = 7027331F1E80651E00800DF9 /* Project object */;
}
